
Microsoft Visual Studio Solution File, Format Version 12.00
# Visual Studio 15
VisualStudioVersion = 15.0.27019.1
MinimumVisualStudioVersion = 10.0.40219.1
Project("{FAE04EC0-301F-11D3-BF4B-00C04F79EFBC}") = "MaximSpa", "MaximSpa\MaximSpa.csproj", "{C5946778-5829-4D51-84B0-886EBA319E4C}"
EndProject
Global
	GlobalSection(SolutionConfigurationPlatforms) = preSolution
		Debug|Any CPU = Debug|Any CPU
		Release|Any CPU = Release|Any CPU
	EndGlobalSection
	GlobalSection(ProjectConfigurationPlatforms) = postSolution
		{C5946778-5829-4D51-84B0-886EBA319E4C}.Debug|Any CPU.ActiveCfg = Debug|Any CPU
		{C5946778-5829-4D51-84B0-886EBA319E4C}.Debug|Any CPU.Build.0 = Debug|Any CPU
		{C5946778-5829-4D51-84B0-886EBA319E4C}.Release|Any CPU.ActiveCfg = Release|Any CPU
		{C5946778-5829-4D51-84B0-886EBA319E4C}.Release|Any CPU.Build.0 = Release|Any CPU
	EndGlobalSection
	GlobalSection(SolutionProperties) = preSolution
		HideSolutionNode = FALSE
	EndGlobalSection
	GlobalSection(ExtensibilityGlobals) = postSolution
		SolutionGuid = {758A426B-24E3-44D6-B45A-EA4B26ABF50B}
	EndGlobalSection
EndGlobal
